
Microsoft Visual Studio Solution File, Format Version 12.00
# Visual Studio 15
VisualStudioVersion = 15.0.28307.779
MinimumVisualStudioVersion = 10.0.40219.1
Project("{FAE04EC0-301F-11D3-BF4B-00C04F79EFBC}") = "BeerAPI", "BeerAPI\BeerAPI.csproj", "{9CCC3E8E-33CE-4E2D-AB41-3F24CB5BD062}"
EndProject
Project("{FAE04EC0-301F-11D3-BF4B-00C04F79EFBC}") = "BeerAPI.Services", "BeerAPI.Services\BeerAPI.Services.csproj", "{9DEA4F5E-CB30-4245-877E-958C7ED7AE74}"
EndProject
Project("{FAE04EC0-301F-11D3-BF4B-00C04F79EFBC}") = "BeerAPI.Tests", "BeerAPI.Tests\BeerAPI.Tests.csproj", "{B9D00768-F678-4B13-9FC2-ED05436CB6C9}"
EndProject
Project("{FAE04EC0-301F-11D3-BF4B-00C04F79EFBC}") = "BeerAPI.Services.Tests", "BeerAPI.Services.Tests\BeerAPI.Services.Tests.csproj", "{985B63DD-42D5-4064-8509-BAAF33250D25}"
EndProject
Global
	GlobalSection(SolutionConfigurationPlatforms) = preSolution
		Debug|Any CPU = Debug|Any CPU
		Release|Any CPU = Release|Any CPU
	EndGlobalSection
	GlobalSection(ProjectConfigurationPlatforms) = postSolution
		{9CCC3E8E-33CE-4E2D-AB41-3F24CB5BD062}.Debug|Any CPU.ActiveCfg = Debug|Any CPU
		{9CCC3E8E-33CE-4E2D-AB41-3F24CB5BD062}.Debug|Any CPU.Build.0 = Debug|Any CPU
		{9CCC3E8E-33CE-4E2D-AB41-3F24CB5BD062}.Release|Any CPU.ActiveCfg = Release|Any CPU
		{9CCC3E8E-33CE-4E2D-AB41-3F24CB5BD062}.Release|Any CPU.Build.0 = Release|Any CPU
		{9DEA4F5E-CB30-4245-877E-958C7ED7AE74}.Debug|Any CPU.ActiveCfg = Debug|Any CPU
		{9DEA4F5E-CB30-4245-877E-958C7ED7AE74}.Debug|Any CPU.Build.0 = Debug|Any CPU
		{9DEA4F5E-CB30-4245-877E-958C7ED7AE74}.Release|Any CPU.ActiveCfg = Release|Any CPU
		{9DEA4F5E-CB30-4245-877E-958C7ED7AE74}.Release|Any CPU.Build.0 = Release|Any CPU
		{B9D00768-F678-4B13-9FC2-ED05436CB6C9}.Debug|Any CPU.ActiveCfg = Debug|Any CPU
		{B9D00768-F678-4B13-9FC2-ED05436CB6C9}.Debug|Any CPU.Build.0 = Debug|Any CPU
		{B9D00768-F678-4B13-9FC2-ED05436CB6C9}.Release|Any CPU.ActiveCfg = Release|Any CPU
		{B9D00768-F678-4B13-9FC2-ED05436CB6C9}.Release|Any CPU.Build.0 = Release|Any CPU
		{985B63DD-42D5-4064-8509-BAAF33250D25}.Debug|Any CPU.ActiveCfg = Debug|Any CPU
		{985B63DD-42D5-4064-8509-BAAF33250D25}.Debug|Any CPU.Build.0 = Debug|Any CPU
		{985B63DD-42D5-4064-8509-BAAF33250D25}.Release|Any CPU.ActiveCfg = Release|Any CPU
		{985B63DD-42D5-4064-8509-BAAF33250D25}.Release|Any CPU.Build.0 = Release|Any CPU
	EndGlobalSection
	GlobalSection(SolutionProperties) = preSolution
		HideSolutionNode = FALSE
	EndGlobalSection
	GlobalSection(ExtensibilityGlobals) = postSolution
		SolutionGuid = {B6DE2C4F-707E-40E6-99EC-EDF10E9BF704}
	EndGlobalSection
EndGlobal
